
Microsoft Visual Studio Solution File, Format Version 12.00
# Visual Studio Version 16
VisualStudioVersion = 16.0.29418.71
MinimumVisualStudioVersion = 10.0.40219.1
Project("{FAE04EC0-301F-11D3-BF4B-00C04F79EFBC}") = "GrpcGreeterClient", "GrpcGreeterClient\GrpcGreeterClient.csproj", "{5AB6E93C-0B5A-469B-8762-8F53BA04DEE7}"
EndProject
Global
	GlobalSection(SolutionConfigurationPlatforms) = preSolution
		Debug|Any CPU = Debug|Any CPU
		Release|Any CPU = Release|Any CPU
	EndGlobalSection
	GlobalSection(ProjectConfigurationPlatforms) = postSolution
		{5AB6E93C-0B5A-469B-8762-8F53BA04DEE7}.Debug|Any CPU.ActiveCfg = Debug|Any CPU
		{5AB6E93C-0B5A-469B-8762-8F53BA04DEE7}.Debug|Any CPU.Build.0 = Debug|Any CPU
		{5AB6E93C-0B5A-469B-8762-8F53BA04DEE7}.Release|Any CPU.ActiveCfg = Release|Any CPU
		{5AB6E93C-0B5A-469B-8762-8F53BA04DEE7}.Release|Any CPU.Build.0 = Release|Any CPU
	EndGlobalSection
	GlobalSection(SolutionProperties) = preSolution
		HideSolutionNode = FALSE
	EndGlobalSection
	GlobalSection(ExtensibilityGlobals) = postSolution
		SolutionGuid = {19B8E7E9-6F01-4416-ACDD-3FDC9041B608}
	EndGlobalSection
EndGlobal
