
Microsoft Visual Studio Solution File, Format Version 12.00
# Visual Studio Version 16
VisualStudioVersion = 16.0.29326.143
MinimumVisualStudioVersion = 10.0.40219.1
Project("{FAE04EC0-301F-11D3-BF4B-00C04F79EFBC}") = "ClassLibraryNetCore", "ClassLibraryNetCore\ClassLibraryNetCore.csproj", "{E3DD5BC3-E300-4478-B02B-4AE68AF6EE13}"
EndProject
Project("{FAE04EC0-301F-11D3-BF4B-00C04F79EFBC}") = "ClassLibraryNetCore.Model", "ClassLibraryNetCore.Model\ClassLibraryNetCore.Model.csproj", "{634AA785-3A48-4CD6-9DCB-2C335A9A41C5}"
EndProject
Global
	GlobalSection(SolutionConfigurationPlatforms) = preSolution
		Debug|Any CPU = Debug|Any CPU
		Release|Any CPU = Release|Any CPU
	EndGlobalSection
	GlobalSection(ProjectConfigurationPlatforms) = postSolution
		{E3DD5BC3-E300-4478-B02B-4AE68AF6EE13}.Debug|Any CPU.ActiveCfg = Debug|Any CPU
		{E3DD5BC3-E300-4478-B02B-4AE68AF6EE13}.Debug|Any CPU.Build.0 = Debug|Any CPU
		{E3DD5BC3-E300-4478-B02B-4AE68AF6EE13}.Release|Any CPU.ActiveCfg = Release|Any CPU
		{E3DD5BC3-E300-4478-B02B-4AE68AF6EE13}.Release|Any CPU.Build.0 = Release|Any CPU
		{634AA785-3A48-4CD6-9DCB-2C335A9A41C5}.Debug|Any CPU.ActiveCfg = Debug|Any CPU
		{634AA785-3A48-4CD6-9DCB-2C335A9A41C5}.Debug|Any CPU.Build.0 = Debug|Any CPU
		{634AA785-3A48-4CD6-9DCB-2C335A9A41C5}.Release|Any CPU.ActiveCfg = Release|Any CPU
		{634AA785-3A48-4CD6-9DCB-2C335A9A41C5}.Release|Any CPU.Build.0 = Release|Any CPU
	EndGlobalSection
	GlobalSection(SolutionProperties) = preSolution
		HideSolutionNode = FALSE
	EndGlobalSection
	GlobalSection(ExtensibilityGlobals) = postSolution
		SolutionGuid = {6AECEF81-BE95-4B1B-A1CB-066AA2785E43}
	EndGlobalSection
EndGlobal
