
Microsoft Visual Studio Solution File, Format Version 12.00
# Visual Studio Version 16
VisualStudioVersion = 16.0.29326.143
MinimumVisualStudioVersion = 10.0.40219.1
Project("{FAE04EC0-301F-11D3-BF4B-00C04F79EFBC}") = "Lab4", "Lab4\Lab4.csproj", "{D1F789D3-93B7-4ECD-BF57-E0D2104238B2}"
EndProject
Global
	GlobalSection(SolutionConfigurationPlatforms) = preSolution
		Debug|Any CPU = Debug|Any CPU
		Release|Any CPU = Release|Any CPU
	EndGlobalSection
	GlobalSection(ProjectConfigurationPlatforms) = postSolution
		{D1F789D3-93B7-4ECD-BF57-E0D2104238B2}.Debug|Any CPU.ActiveCfg = Debug|Any CPU
		{D1F789D3-93B7-4ECD-BF57-E0D2104238B2}.Debug|Any CPU.Build.0 = Debug|Any CPU
		{D1F789D3-93B7-4ECD-BF57-E0D2104238B2}.Release|Any CPU.ActiveCfg = Release|Any CPU
		{D1F789D3-93B7-4ECD-BF57-E0D2104238B2}.Release|Any CPU.Build.0 = Release|Any CPU
	EndGlobalSection
	GlobalSection(SolutionProperties) = preSolution
		HideSolutionNode = FALSE
	EndGlobalSection
	GlobalSection(ExtensibilityGlobals) = postSolution
		SolutionGuid = {D87C12A5-273F-475A-9BAE-578F3995F84E}
	EndGlobalSection
EndGlobal
